
Microsoft Visual Studio Solution File, Format Version 12.00
Project("{2150E333-8FDC-42A3-9474-1A3956D46DE8}") = "Solution Items", "Solution Items", "{FBD7788C-5861-4654-AE0E-528467B0A626}"
	ProjectSection(SolutionItems) = preProject
		compose.yaml = compose.yaml
	EndProjectSection
EndProject
Project("{FAE04EC0-301F-11D3-BF4B-00C04F79EFBC}") = "ndgf.Domain", "ndgf.Domain\ndgf.Domain.csproj", "{1202FF2F-B5DC-439E-B83D-3EDE407ED397}"
EndProject
Project("{FAE04EC0-301F-11D3-BF4B-00C04F79EFBC}") = "ndgf.Application", "ndgf.Application\ndgf.Application.csproj", "{FC07E8AC-5A1A-45E7-B4A1-909D7109D08F}"
EndProject
Project("{FAE04EC0-301F-11D3-BF4B-00C04F79EFBC}") = "ndgf.Infrastructure", "ndgf.Infrastructure\ndgf.Infrastructure.csproj", "{C02C5A16-FC4C-4EC8-876E-AC59B48DAD54}"
EndProject
Project("{FAE04EC0-301F-11D3-BF4B-00C04F79EFBC}") = "ndgf.Api", "ndgf.Api\ndgf.Api.csproj", "{BF81ED41-8ABC-4FAE-969D-4FE1850C4844}"
EndProject
Project("{FAE04EC0-301F-11D3-BF4B-00C04F79EFBC}") = "ndgf.Domain.Tests", "ndgf.Domain.Tests\ndgf.Domain.Tests.csproj", "{B889A044-897B-4052-B59A-6944746E5675}"
EndProject
Project("{FAE04EC0-301F-11D3-BF4B-00C04F79EFBC}") = "ndgf.Application.Tests", "ndgf.Application.Tests\ndgf.Application.Tests.csproj", "{18EDF429-A6BA-497F-81A9-3DE2417B8EA1}"
EndProject
Project("{FAE04EC0-301F-11D3-BF4B-00C04F79EFBC}") = "ndgf.Web", "ndgf.Web\ndgf.Web\ndgf.Web.csproj", "{70C64486-C47B-4ABD-9510-BC6DFC5A59BE}"
EndProject
Project("{FAE04EC0-301F-11D3-BF4B-00C04F79EFBC}") = "ndgf.Web.Client", "ndgf.Web\ndgf.Web.Client\ndgf.Web.Client.csproj", "{794BECC8-9DF1-4806-923D-FAB270103449}"
EndProject
Global
	GlobalSection(SolutionConfigurationPlatforms) = preSolution
		Debug|Any CPU = Debug|Any CPU
		Release|Any CPU = Release|Any CPU
	EndGlobalSection
	GlobalSection(ProjectConfigurationPlatforms) = postSolution
		{1202FF2F-B5DC-439E-B83D-3EDE407ED397}.Debug|Any CPU.ActiveCfg = Debug|Any CPU
		{1202FF2F-B5DC-439E-B83D-3EDE407ED397}.Debug|Any CPU.Build.0 = Debug|Any CPU
		{1202FF2F-B5DC-439E-B83D-3EDE407ED397}.Release|Any CPU.ActiveCfg = Release|Any CPU
		{1202FF2F-B5DC-439E-B83D-3EDE407ED397}.Release|Any CPU.Build.0 = Release|Any CPU
		{FC07E8AC-5A1A-45E7-B4A1-909D7109D08F}.Debug|Any CPU.ActiveCfg = Debug|Any CPU
		{FC07E8AC-5A1A-45E7-B4A1-909D7109D08F}.Debug|Any CPU.Build.0 = Debug|Any CPU
		{FC07E8AC-5A1A-45E7-B4A1-909D7109D08F}.Release|Any CPU.ActiveCfg = Release|Any CPU
		{FC07E8AC-5A1A-45E7-B4A1-909D7109D08F}.Release|Any CPU.Build.0 = Release|Any CPU
		{C02C5A16-FC4C-4EC8-876E-AC59B48DAD54}.Debug|Any CPU.ActiveCfg = Debug|Any CPU
		{C02C5A16-FC4C-4EC8-876E-AC59B48DAD54}.Debug|Any CPU.Build.0 = Debug|Any CPU
		{C02C5A16-FC4C-4EC8-876E-AC59B48DAD54}.Release|Any CPU.ActiveCfg = Release|Any CPU
		{C02C5A16-FC4C-4EC8-876E-AC59B48DAD54}.Release|Any CPU.Build.0 = Release|Any CPU
		{BF81ED41-8ABC-4FAE-969D-4FE1850C4844}.Debug|Any CPU.ActiveCfg = Debug|Any CPU
		{BF81ED41-8ABC-4FAE-969D-4FE1850C4844}.Debug|Any CPU.Build.0 = Debug|Any CPU
		{BF81ED41-8ABC-4FAE-969D-4FE1850C4844}.Release|Any CPU.ActiveCfg = Release|Any CPU
		{BF81ED41-8ABC-4FAE-969D-4FE1850C4844}.Release|Any CPU.Build.0 = Release|Any CPU
		{B889A044-897B-4052-B59A-6944746E5675}.Debug|Any CPU.ActiveCfg = Debug|Any CPU
		{B889A044-897B-4052-B59A-6944746E5675}.Debug|Any CPU.Build.0 = Debug|Any CPU
		{B889A044-897B-4052-B59A-6944746E5675}.Release|Any CPU.ActiveCfg = Release|Any CPU
		{B889A044-897B-4052-B59A-6944746E5675}.Release|Any CPU.Build.0 = Release|Any CPU
		{18EDF429-A6BA-497F-81A9-3DE2417B8EA1}.Debug|Any CPU.ActiveCfg = Debug|Any CPU
		{18EDF429-A6BA-497F-81A9-3DE2417B8EA1}.Debug|Any CPU.Build.0 = Debug|Any CPU
		{18EDF429-A6BA-497F-81A9-3DE2417B8EA1}.Release|Any CPU.ActiveCfg = Release|Any CPU
		{18EDF429-A6BA-497F-81A9-3DE2417B8EA1}.Release|Any CPU.Build.0 = Release|Any CPU
		{70C64486-C47B-4ABD-9510-BC6DFC5A59BE}.Debug|Any CPU.ActiveCfg = Debug|Any CPU
		{70C64486-C47B-4ABD-9510-BC6DFC5A59BE}.Debug|Any CPU.Build.0 = Debug|Any CPU
		{70C64486-C47B-4ABD-9510-BC6DFC5A59BE}.Release|Any CPU.ActiveCfg = Release|Any CPU
		{70C64486-C47B-4ABD-9510-BC6DFC5A59BE}.Release|Any CPU.Build.0 = Release|Any CPU
		{794BECC8-9DF1-4806-923D-FAB270103449}.Debug|Any CPU.ActiveCfg = Debug|Any CPU
		{794BECC8-9DF1-4806-923D-FAB270103449}.Debug|Any CPU.Build.0 = Debug|Any CPU
		{794BECC8-9DF1-4806-923D-FAB270103449}.Release|Any CPU.ActiveCfg = Release|Any CPU
		{794BECC8-9DF1-4806-923D-FAB270103449}.Release|Any CPU.Build.0 = Release|Any CPU
	EndGlobalSection
EndGlobal
